
Microsoft Visual Studio Solution File, Format Version 12.00
# Visual Studio 2013
VisualStudioVersion = 12.0.21005.1
MinimumVisualStudioVersion = 10.0.40219.1
Project("{FAE04EC0-301F-11D3-BF4B-00C04F79EFBC}") = "GMS", "GMS\GMS.csproj", "{D219AB35-5957-4DF3-BFE2-DA580FCE946D}"
EndProject
Project("{54435603-DBB4-11D2-8724-00A0C9A8B90C}") = "Madawa Motors", "..\..\Madawa GMS\Madawa Motors\Madawa Motors\Madawa Motors.vdproj", "{618532F3-16C3-4916-9B49-D129E3A436AD}"
EndProject
Global
	GlobalSection(SolutionConfigurationPlatforms) = preSolution
		Debug|Any CPU = Debug|Any CPU
		Release|Any CPU = Release|Any CPU
	EndGlobalSection
	GlobalSection(ProjectConfigurationPlatforms) = postSolution
		{D219AB35-5957-4DF3-BFE2-DA580FCE946D}.Debug|Any CPU.ActiveCfg = Debug|Any CPU
		{D219AB35-5957-4DF3-BFE2-DA580FCE946D}.Debug|Any CPU.Build.0 = Debug|Any CPU
		{D219AB35-5957-4DF3-BFE2-DA580FCE946D}.Release|Any CPU.ActiveCfg = Release|Any CPU
		{D219AB35-5957-4DF3-BFE2-DA580FCE946D}.Release|Any CPU.Build.0 = Release|Any CPU
		{618532F3-16C3-4916-9B49-D129E3A436AD}.Debug|Any CPU.ActiveCfg = Debug
		{618532F3-16C3-4916-9B49-D129E3A436AD}.Release|Any CPU.ActiveCfg = Release
	EndGlobalSection
	GlobalSection(SolutionProperties) = preSolution
		HideSolutionNode = FALSE
	EndGlobalSection
EndGlobal
